<?xml version="1.0" encoding="utf-8"?>
<Project ToolsVersion="4.0" xmlns="http://schemas.microsoft.com/developer/msbuild/2003">
  <ItemGroup>
    <Filter Include="Source Files">
      <UniqueIdentifier>{4FC737F1-C7A5-4376-A066-2A32D752A2FF}</UniqueIdentifier>
      <Extensions>cpp;c;cc;cxx;def;odl;idl;hpj;bat;asm;asmx</Extensions>
    </Filter>
    <Filter Include="Source Files\GUI">
      <UniqueIdentifier>{e3fbac91-09ac-4e5f-92ab-4785b27803f8}</UniqueIdentifier>
    </Filter>
    <Filter Include="Source Files\Resources">
      <UniqueIdentifier>{a733320d-23db-4070-a809-4cc73e71c8ae}</UniqueIdentifier>
    </Filter>
    <Filter Include="Header Files">
      <UniqueIdentifier>{93995380-89BD-4b04-88EB-625FBE52EBFB}</UniqueIdentifier>
      <Extensions>h;hpp;hxx;hm;inl;inc;xsd</Extensions>
    </Filter>
    <Filter Include="Header Files\GUI">
      <UniqueIdentifier>{02c4bc42-e02d-46e0-a88d-dc903a712b6c}</UniqueIdentifier>
    </Filter>
    <Filter Include="Header Files\Resources">
      <UniqueIdentifier>{6bed213b-eace-4285-a169-8e3183d3a822}</UniqueIdentifier>
    </Filter>
  </ItemGroup>
  <ItemGroup>
    <ClCompile Include="Source\SEGUI.cpp">
      <Filter>Source Files</Filter>
    </ClCompile>
    <ClCompile Include="Source\GUI\Button.cpp">
      <Filter>Source Files\GUI</Filter>
    </ClCompile>
    <ClCompile Include="Source\GUI\ButtonClick.cpp">
      <Filter>Source Files\GUI</Filter>
    </ClCompile>
    <ClCompile Include="Source\GUI\Dispatcher.cpp">
      <Filter>Source Files\GUI</Filter>
    </ClCompile>
    <ClCompile Include="Source\GUI\EditField.cpp">
      <Filter>Source Files\GUI</Filter>
    </ClCompile>
    <ClCompile Include="Source\GUI\Element.cpp">
      <Filter>Source Files\GUI</Filter>
    </ClCompile>
    <ClCompile Include="Source\GUI\Label.cpp">
      <Filter>Source Files\GUI</Filter>
    </ClCompile>
    <ClCompile Include="Source\GUI\Layout.cpp">
      <Filter>Source Files\GUI</Filter>
    </ClCompile>
    <ClCompile Include="Source\GUI\LayoutSplit.cpp">
      <Filter>Source Files\GUI</Filter>
    </ClCompile>
    <ClCompile Include="Source\GUI\LayoutTable.cpp">
      <Filter>Source Files\GUI</Filter>
    </ClCompile>
    <ClCompile Include="Source\GUI\Module.cpp">
      <Filter>Source Files\GUI</Filter>
    </ClCompile>
    <ClCompile Include="Source\GUI\Text.cpp">
      <Filter>Source Files\GUI</Filter>
    </ClCompile>
    <ClCompile Include="Source\GUI\Window.cpp">
      <Filter>Source Files\GUI</Filter>
    </ClCompile>
    <ClCompile Include="Source\GUI\WindowAbstract.cpp">
      <Filter>Source Files\GUI</Filter>
    </ClCompile>
    <ClCompile Include="Source\GUI\WindowContainer.cpp">
      <Filter>Source Files\GUI</Filter>
    </ClCompile>
    <ClCompile Include="Source\Resources\Carret.cpp">
      <Filter>Source Files\Resources</Filter>
    </ClCompile>
    <ClCompile Include="Source\Resources\Cursor.cpp">
      <Filter>Source Files\Resources</Filter>
    </ClCompile>
    <ClCompile Include="Source\Resources\Font.cpp">
      <Filter>Source Files\Resources</Filter>
    </ClCompile>
  </ItemGroup>
  <ItemGroup>
    <ClInclude Include="Source\Classes.h">
      <Filter>Header Files</Filter>
    </ClInclude>
    <ClInclude Include="Source\SEGUI.h">
      <Filter>Header Files</Filter>
    </ClInclude>
    <ClInclude Include="Source\GUI\Button.h">
      <Filter>Header Files\GUI</Filter>
    </ClInclude>
    <ClInclude Include="Source\GUI\ButtonClick.h">
      <Filter>Header Files\GUI</Filter>
    </ClInclude>
    <ClInclude Include="Source\GUI\Dispatcher.h">
      <Filter>Header Files\GUI</Filter>
    </ClInclude>
    <ClInclude Include="Source\GUI\EditField.h">
      <Filter>Header Files\GUI</Filter>
    </ClInclude>
    <ClInclude Include="Source\GUI\Element.h">
      <Filter>Header Files\GUI</Filter>
    </ClInclude>
    <ClInclude Include="Source\GUI\Label.h">
      <Filter>Header Files\GUI</Filter>
    </ClInclude>
    <ClInclude Include="Source\GUI\Layout.h">
      <Filter>Header Files\GUI</Filter>
    </ClInclude>
    <ClInclude Include="Source\GUI\LayoutSplit.h">
      <Filter>Header Files\GUI</Filter>
    </ClInclude>
    <ClInclude Include="Source\GUI\LayoutTable.h">
      <Filter>Header Files\GUI</Filter>
    </ClInclude>
    <ClInclude Include="Source\GUI\Module.h">
      <Filter>Header Files\GUI</Filter>
    </ClInclude>
    <ClInclude Include="Source\GUI\Text.h">
      <Filter>Header Files\GUI</Filter>
    </ClInclude>
    <ClInclude Include="Source\GUI\Window.h">
      <Filter>Header Files\GUI</Filter>
    </ClInclude>
    <ClInclude Include="Source\GUI\WindowAbstract.h">
      <Filter>Header Files\GUI</Filter>
    </ClInclude>
    <ClInclude Include="Source\GUI\WindowContainer.h">
      <Filter>Header Files\GUI</Filter>
    </ClInclude>
    <ClInclude Include="Source\Resources\Carret.h">
      <Filter>Header Files\Resources</Filter>
    </ClInclude>
    <ClInclude Include="Source\Resources\Cursor.h">
      <Filter>Header Files\Resources</Filter>
    </ClInclude>
    <ClInclude Include="Source\Resources\Font.h">
      <Filter>Header Files\Resources</Filter>
    </ClInclude>
  </ItemGroup>
</Project>