<?xml version="1.0" encoding="utf-8"?>
<Project ToolsVersion="4.0" xmlns="http://schemas.microsoft.com/developer/msbuild/2003">
  <ItemGroup>
    <Filter Include="Header Files">
      <UniqueIdentifier>{93995380-89BD-4b04-88EB-625FBE52EBFB}</UniqueIdentifier>
      <Extensions>h;hpp;hxx;hm;inl;inc;xsd</Extensions>
    </Filter>
    <Filter Include="Header Files\Animation">
      <UniqueIdentifier>{936e6359-9df4-413a-9738-37d7427da003}</UniqueIdentifier>
    </Filter>
    <Filter Include="Header Files\Rendering">
      <UniqueIdentifier>{d734bbd8-545a-460d-aab9-1e8fd6992cb7}</UniqueIdentifier>
    </Filter>
    <Filter Include="Header Files\Resources">
      <UniqueIdentifier>{05984cd3-8f1a-485a-8435-c51c2fa963fe}</UniqueIdentifier>
    </Filter>
    <Filter Include="Header Files\Simulation">
      <UniqueIdentifier>{d8687956-230f-4901-a256-10df8608aec7}</UniqueIdentifier>
    </Filter>
    <Filter Include="Header Files\System">
      <UniqueIdentifier>{dd5b6b0b-2995-4af0-9997-eaea73ed85b2}</UniqueIdentifier>
    </Filter>
    <Filter Include="Source Files">
      <UniqueIdentifier>{4FC737F1-C7A5-4376-A066-2A32D752A2FF}</UniqueIdentifier>
      <Extensions>cpp;c;cc;cxx;def;odl;idl;hpj;bat;asm;asmx</Extensions>
    </Filter>
    <Filter Include="Source Files\Animation">
      <UniqueIdentifier>{5271b566-7a81-4c59-abac-f33c23ee004e}</UniqueIdentifier>
    </Filter>
    <Filter Include="Source Files\Rendering">
      <UniqueIdentifier>{fba1a60c-dc2c-46ad-b030-30d4d852cc0a}</UniqueIdentifier>
    </Filter>
    <Filter Include="Source Files\Resources">
      <UniqueIdentifier>{be664500-bfe5-4bf2-bec9-d5332f62de6b}</UniqueIdentifier>
    </Filter>
    <Filter Include="Source Files\Simulation">
      <UniqueIdentifier>{b07ac472-04f4-4ef2-a11e-5c133bb8f01d}</UniqueIdentifier>
    </Filter>
    <Filter Include="Source Files\System">
      <UniqueIdentifier>{5700c871-942e-45fa-9982-6e597a7350d6}</UniqueIdentifier>
    </Filter>
  </ItemGroup>
  <ItemGroup>
    <ClInclude Include="Source\Classes.h">
      <Filter>Header Files</Filter>
    </ClInclude>
    <ClInclude Include="Source\Errors.h">
      <Filter>Header Files</Filter>
    </ClInclude>
    <ClInclude Include="Source\SECore.h">
      <Filter>Header Files</Filter>
    </ClInclude>
    <ClInclude Include="Source\Animation\Animation.h">
      <Filter>Header Files\Animation</Filter>
    </ClInclude>
    <ClInclude Include="Source\Animation\AnimationMorph.h">
      <Filter>Header Files\Animation</Filter>
    </ClInclude>
    <ClInclude Include="Source\Animation\AnimationMotion.h">
      <Filter>Header Files\Animation</Filter>
    </ClInclude>
    <ClInclude Include="Source\Animation\AnimationParameter.h">
      <Filter>Header Files\Animation</Filter>
    </ClInclude>
    <ClInclude Include="Source\Animation\Path.h">
      <Filter>Header Files\Animation</Filter>
    </ClInclude>
    <ClInclude Include="Source\Animation\PathFerguson.h">
      <Filter>Header Files\Animation</Filter>
    </ClInclude>
    <ClInclude Include="Source\Rendering\Camera.h">
      <Filter>Header Files\Rendering</Filter>
    </ClInclude>
    <ClInclude Include="Source\Rendering\Light.h">
      <Filter>Header Files\Rendering</Filter>
    </ClInclude>
    <ClInclude Include="Source\Rendering\LightOmni.h">
      <Filter>Header Files\Rendering</Filter>
    </ClInclude>
    <ClInclude Include="Source\Rendering\LightSpot.h">
      <Filter>Header Files\Rendering</Filter>
    </ClInclude>
    <ClInclude Include="Source\Rendering\Material.h">
      <Filter>Header Files\Rendering</Filter>
    </ClInclude>
    <ClInclude Include="Source\Rendering\MaterialUsage.h">
      <Filter>Header Files\Rendering</Filter>
    </ClInclude>
    <ClInclude Include="Source\Rendering\Model.h">
      <Filter>Header Files\Rendering</Filter>
    </ClInclude>
    <ClInclude Include="Source\Rendering\ObjectBounded.h">
      <Filter>Header Files\Rendering</Filter>
    </ClInclude>
    <ClInclude Include="Source\Rendering\ObjectScene.h">
      <Filter>Header Files\Rendering</Filter>
    </ClInclude>
    <ClInclude Include="Source\Rendering\ObjectTransformable.h">
      <Filter>Header Files\Rendering</Filter>
    </ClInclude>
    <ClInclude Include="Source\Rendering\Renderer.h">
      <Filter>Header Files\Rendering</Filter>
    </ClInclude>
    <ClInclude Include="Source\Rendering\RendererDebug.h">
      <Filter>Header Files\Rendering</Filter>
    </ClInclude>
    <ClInclude Include="Source\Rendering\RendererDGC.h">
      <Filter>Header Files\Rendering</Filter>
    </ClInclude>
    <ClInclude Include="Source\Rendering\RendererIGP.h">
      <Filter>Header Files\Rendering</Filter>
    </ClInclude>
    <ClInclude Include="Source\Rendering\RendererSettings.h">
      <Filter>Header Files\Rendering</Filter>
    </ClInclude>
    <ClInclude Include="Source\Rendering\Scene.h">
      <Filter>Header Files\Rendering</Filter>
    </ClInclude>
    <ClInclude Include="Source\Rendering\Uniforms.h">
      <Filter>Header Files\Rendering</Filter>
    </ClInclude>
    <ClInclude Include="Source\Resources\DataPool.h">
      <Filter>Header Files\Resources</Filter>
    </ClInclude>
    <ClInclude Include="Source\Resources\File3DS.h">
      <Filter>Header Files\Resources</Filter>
    </ClInclude>
    <ClInclude Include="Source\Resources\GPUProgram.h">
      <Filter>Header Files\Resources</Filter>
    </ClInclude>
    <ClInclude Include="Source\Resources\Manager.h">
      <Filter>Header Files\Resources</Filter>
    </ClInclude>
    <ClInclude Include="Source\Resources\Mesh.h">
      <Filter>Header Files\Resources</Filter>
    </ClInclude>
    <ClInclude Include="Source\Resources\Texture.h">
      <Filter>Header Files\Resources</Filter>
    </ClInclude>
    <ClInclude Include="Source\Resources\World.h">
      <Filter>Header Files\Resources</Filter>
    </ClInclude>
    <ClInclude Include="Source\Simulation\Gravity.h">
      <Filter>Header Files\Simulation</Filter>
    </ClInclude>
    <ClInclude Include="Source\Simulation\ParticleSystem.h">
      <Filter>Header Files\Simulation</Filter>
    </ClInclude>
    <ClInclude Include="Source\Simulation\PhysicsSolver.h">
      <Filter>Header Files\Simulation</Filter>
    </ClInclude>
    <ClInclude Include="Source\Simulation\RigidBody.h">
      <Filter>Header Files\Simulation</Filter>
    </ClInclude>
    <ClInclude Include="Source\Simulation\Simulation.h">
      <Filter>Header Files\Simulation</Filter>
    </ClInclude>
    <ClInclude Include="Source\Simulation\SimulationBox.h">
      <Filter>Header Files\Simulation</Filter>
    </ClInclude>
    <ClInclude Include="Source\Simulation\SimulationObject.h">
      <Filter>Header Files\Simulation</Filter>
    </ClInclude>
    <ClInclude Include="Source\Simulation\SimulationPlane.h">
      <Filter>Header Files\Simulation</Filter>
    </ClInclude>
    <ClInclude Include="Source\Simulation\SimulationPrimitive.h">
      <Filter>Header Files\Simulation</Filter>
    </ClInclude>
    <ClInclude Include="Source\Simulation\SimulationSphere.h">
      <Filter>Header Files\Simulation</Filter>
    </ClInclude>
    <ClInclude Include="Source\System\EventLog.h">
      <Filter>Header Files\System</Filter>
    </ClInclude>
    <ClInclude Include="Source\System\HID.h">
      <Filter>Header Files\System</Filter>
    </ClInclude>
    <ClInclude Include="Source\System\HIDState.h">
      <Filter>Header Files\System</Filter>
    </ClInclude>
    <ClInclude Include="Source\System\OpenGL.h">
      <Filter>Header Files\System</Filter>
    </ClInclude>
    <ClInclude Include="Source\System\OpenGL15.h">
      <Filter>Header Files\System</Filter>
    </ClInclude>
    <ClInclude Include="Source\System\OpenGL20.h">
      <Filter>Header Files\System</Filter>
    </ClInclude>
    <ClInclude Include="Source\System\RTLoop.h">
      <Filter>Header Files\System</Filter>
    </ClInclude>
    <ClInclude Include="Source\System\Scripting.h">
      <Filter>Header Files\System</Filter>
    </ClInclude>
    <ClInclude Include="Source\System\SEObject.h">
      <Filter>Header Files\System</Filter>
    </ClInclude>
    <ClInclude Include="Source\System\Settings.h">
      <Filter>Header Files\System</Filter>
    </ClInclude>
    <ClInclude Include="Source\System\Statistics.h">
      <Filter>Header Files\System</Filter>
    </ClInclude>
    <ClInclude Include="Source\System\System.h">
      <Filter>Header Files\System</Filter>
    </ClInclude>
    <ClInclude Include="Source\System\Window.h">
      <Filter>Header Files\System</Filter>
    </ClInclude>
  </ItemGroup>
  <ItemGroup>
    <ClCompile Include="Source\SECore.cpp">
      <Filter>Source Files</Filter>
    </ClCompile>
    <ClCompile Include="Source\Animation\Animation.cpp">
      <Filter>Source Files\Animation</Filter>
    </ClCompile>
    <ClCompile Include="Source\Animation\AnimationMorph.cpp">
      <Filter>Source Files\Animation</Filter>
    </ClCompile>
    <ClCompile Include="Source\Animation\AnimationMotion.cpp">
      <Filter>Source Files\Animation</Filter>
    </ClCompile>
    <ClCompile Include="Source\Animation\AnimationParameter.cpp">
      <Filter>Source Files\Animation</Filter>
    </ClCompile>
    <ClCompile Include="Source\Animation\Path.cpp">
      <Filter>Source Files\Animation</Filter>
    </ClCompile>
    <ClCompile Include="Source\Animation\PathFerguson.cpp">
      <Filter>Source Files\Animation</Filter>
    </ClCompile>
    <ClCompile Include="Source\Rendering\Camera.cpp">
      <Filter>Source Files\Rendering</Filter>
    </ClCompile>
    <ClCompile Include="Source\Rendering\Light.cpp">
      <Filter>Source Files\Rendering</Filter>
    </ClCompile>
    <ClCompile Include="Source\Rendering\LightOmni.cpp">
      <Filter>Source Files\Rendering</Filter>
    </ClCompile>
    <ClCompile Include="Source\Rendering\LightSpot.cpp">
      <Filter>Source Files\Rendering</Filter>
    </ClCompile>
    <ClCompile Include="Source\Rendering\Material.cpp">
      <Filter>Source Files\Rendering</Filter>
    </ClCompile>
    <ClCompile Include="Source\Rendering\MaterialUsage.cpp">
      <Filter>Source Files\Rendering</Filter>
    </ClCompile>
    <ClCompile Include="Source\Rendering\Model.cpp">
      <Filter>Source Files\Rendering</Filter>
    </ClCompile>
    <ClCompile Include="Source\Rendering\ObjectBounded.cpp">
      <Filter>Source Files\Rendering</Filter>
    </ClCompile>
    <ClCompile Include="Source\Rendering\ObjectScene.cpp">
      <Filter>Source Files\Rendering</Filter>
    </ClCompile>
    <ClCompile Include="Source\Rendering\ObjectTransformable.cpp">
      <Filter>Source Files\Rendering</Filter>
    </ClCompile>
    <ClCompile Include="Source\Rendering\Renderer.cpp">
      <Filter>Source Files\Rendering</Filter>
    </ClCompile>
    <ClCompile Include="Source\Rendering\RendererDebug.cpp">
      <Filter>Source Files\Rendering</Filter>
    </ClCompile>
    <ClCompile Include="Source\Rendering\RendererDGC.cpp">
      <Filter>Source Files\Rendering</Filter>
    </ClCompile>
    <ClCompile Include="Source\Rendering\RendererIGP.cpp">
      <Filter>Source Files\Rendering</Filter>
    </ClCompile>
    <ClCompile Include="Source\Rendering\RendererSettings.cpp">
      <Filter>Source Files\Rendering</Filter>
    </ClCompile>
    <ClCompile Include="Source\Rendering\Scene.cpp">
      <Filter>Source Files\Rendering</Filter>
    </ClCompile>
    <ClCompile Include="Source\Rendering\Uniforms.cpp">
      <Filter>Source Files\Rendering</Filter>
    </ClCompile>
    <ClCompile Include="Source\Resources\DataPool.cpp">
      <Filter>Source Files\Resources</Filter>
    </ClCompile>
    <ClCompile Include="Source\Resources\File3DS.cpp">
      <Filter>Source Files\Resources</Filter>
    </ClCompile>
    <ClCompile Include="Source\Resources\GPUProgram.cpp">
      <Filter>Source Files\Resources</Filter>
    </ClCompile>
    <ClCompile Include="Source\Resources\Manager.cpp">
      <Filter>Source Files\Resources</Filter>
    </ClCompile>
    <ClCompile Include="Source\Resources\Mesh.cpp">
      <Filter>Source Files\Resources</Filter>
    </ClCompile>
    <ClCompile Include="Source\Resources\Texture.cpp">
      <Filter>Source Files\Resources</Filter>
    </ClCompile>
    <ClCompile Include="Source\Resources\World.cpp">
      <Filter>Source Files\Resources</Filter>
    </ClCompile>
    <ClCompile Include="Source\Simulation\Gravity.cpp">
      <Filter>Source Files\Simulation</Filter>
    </ClCompile>
    <ClCompile Include="Source\Simulation\ParticleSystem.cpp">
      <Filter>Source Files\Simulation</Filter>
    </ClCompile>
    <ClCompile Include="Source\Simulation\PhysicsSolver.cpp">
      <Filter>Source Files\Simulation</Filter>
    </ClCompile>
    <ClCompile Include="Source\Simulation\RigidBody.cpp">
      <Filter>Source Files\Simulation</Filter>
    </ClCompile>
    <ClCompile Include="Source\Simulation\Simulation.cpp">
      <Filter>Source Files\Simulation</Filter>
    </ClCompile>
    <ClCompile Include="Source\Simulation\SimulationBox.cpp">
      <Filter>Source Files\Simulation</Filter>
    </ClCompile>
    <ClCompile Include="Source\Simulation\SimulationObject.cpp">
      <Filter>Source Files\Simulation</Filter>
    </ClCompile>
    <ClCompile Include="Source\Simulation\SimulationPlane.cpp">
      <Filter>Source Files\Simulation</Filter>
    </ClCompile>
    <ClCompile Include="Source\Simulation\SimulationPrimitive.cpp">
      <Filter>Source Files\Simulation</Filter>
    </ClCompile>
    <ClCompile Include="Source\Simulation\SimulationSphere.cpp">
      <Filter>Source Files\Simulation</Filter>
    </ClCompile>
    <ClCompile Include="Source\System\EventLog.cpp">
      <Filter>Source Files\System</Filter>
    </ClCompile>
    <ClCompile Include="Source\System\HID.cpp">
      <Filter>Source Files\System</Filter>
    </ClCompile>
    <ClCompile Include="Source\System\HIDState.cpp">
      <Filter>Source Files\System</Filter>
    </ClCompile>
    <ClCompile Include="Source\System\OpenGL.cpp">
      <Filter>Source Files\System</Filter>
    </ClCompile>
    <ClCompile Include="Source\System\OpenGL15.cpp">
      <Filter>Source Files\System</Filter>
    </ClCompile>
    <ClCompile Include="Source\System\OpenGL20.cpp">
      <Filter>Source Files\System</Filter>
    </ClCompile>
    <ClCompile Include="Source\System\RTLoop.cpp">
      <Filter>Source Files\System</Filter>
    </ClCompile>
    <ClCompile Include="Source\System\Scripting.cpp">
      <Filter>Source Files\System</Filter>
    </ClCompile>
    <ClCompile Include="Source\System\SEObject.cpp">
      <Filter>Source Files\System</Filter>
    </ClCompile>
    <ClCompile Include="Source\System\Settings.cpp">
      <Filter>Source Files\System</Filter>
    </ClCompile>
    <ClCompile Include="Source\System\Statistics.cpp">
      <Filter>Source Files\System</Filter>
    </ClCompile>
    <ClCompile Include="Source\System\System.cpp">
      <Filter>Source Files\System</Filter>
    </ClCompile>
    <ClCompile Include="Source\System\Window.cpp">
      <Filter>Source Files\System</Filter>
    </ClCompile>
  </ItemGroup>
</Project>